
Microsoft Visual Studio Solution File, Format Version 12.00
# Visual Studio Version 17
VisualStudioVersion = 17.9.34723.18
MinimumVisualStudioVersion = 10.0.40219.1
Project("{FAE04EC0-301F-11D3-BF4B-00C04F79EFBC}") = "Server", "Server\Server.csproj", "{839D1ADB-97C9-4930-9086-A4C716808289}"
EndProject
Project("{E53339B2-1760-4266-BCC7-CA923CBCF16C}") = "docker-compose", "docker-compose.dcproj", "{DF377800-0EDE-4D40-B649-0EF2D3B2935F}"
EndProject
Project("{FAE04EC0-301F-11D3-BF4B-00C04F79EFBC}") = "Client", "Client\Client.csproj", "{F51EE9FC-2A76-4ADE-B7E1-72E7CAE8E90D}"
EndProject
Global
	GlobalSection(SolutionConfigurationPlatforms) = preSolution
		Debug|Any CPU = Debug|Any CPU
		Release|Any CPU = Release|Any CPU
	EndGlobalSection
	GlobalSection(ProjectConfigurationPlatforms) = postSolution
		{839D1ADB-97C9-4930-9086-A4C716808289}.Debug|Any CPU.ActiveCfg = Debug|Any CPU
		{839D1ADB-97C9-4930-9086-A4C716808289}.Debug|Any CPU.Build.0 = Debug|Any CPU
		{839D1ADB-97C9-4930-9086-A4C716808289}.Release|Any CPU.ActiveCfg = Release|Any CPU
		{839D1ADB-97C9-4930-9086-A4C716808289}.Release|Any CPU.Build.0 = Release|Any CPU
		{DF377800-0EDE-4D40-B649-0EF2D3B2935F}.Debug|Any CPU.ActiveCfg = Debug|Any CPU
		{DF377800-0EDE-4D40-B649-0EF2D3B2935F}.Debug|Any CPU.Build.0 = Debug|Any CPU
		{DF377800-0EDE-4D40-B649-0EF2D3B2935F}.Release|Any CPU.ActiveCfg = Release|Any CPU
		{DF377800-0EDE-4D40-B649-0EF2D3B2935F}.Release|Any CPU.Build.0 = Release|Any CPU
		{F51EE9FC-2A76-4ADE-B7E1-72E7CAE8E90D}.Debug|Any CPU.ActiveCfg = Debug|Any CPU
		{F51EE9FC-2A76-4ADE-B7E1-72E7CAE8E90D}.Debug|Any CPU.Build.0 = Debug|Any CPU
		{F51EE9FC-2A76-4ADE-B7E1-72E7CAE8E90D}.Release|Any CPU.ActiveCfg = Release|Any CPU
		{F51EE9FC-2A76-4ADE-B7E1-72E7CAE8E90D}.Release|Any CPU.Build.0 = Release|Any CPU
	EndGlobalSection
	GlobalSection(SolutionProperties) = preSolution
		HideSolutionNode = FALSE
	EndGlobalSection
	GlobalSection(ExtensibilityGlobals) = postSolution
		SolutionGuid = {CF7BE18C-436C-4FDB-9ABF-6DAB5A7AFACE}
	EndGlobalSection
EndGlobal
